
Microsoft Visual Studio Solution File, Format Version 12.00
# Visual Studio Version 17
VisualStudioVersion = 17.8.34525.116
MinimumVisualStudioVersion = 10.0.40219.1
Project("{2150E333-8FDC-42A3-9474-1A3956D46DE8}") = "Services", "Services", "{98DD7A19-1D37-4C50-9DFC-B2A4F4D550E0}"
EndProject
Project("{2150E333-8FDC-42A3-9474-1A3956D46DE8}") = "Catalog", "Catalog", "{C4E5C09D-F38F-4F94-8100-BE4B40BAE03C}"
EndProject
Project("{9A19103F-16F7-4668-BE54-9A1E7A4F7556}") = "Catalog.API", "Services\Catalog\Catalog.API\Catalog.API.csproj", "{B7015264-38F0-487D-BF90-2A8E9CB5F8FB}"
EndProject
Project("{9A19103F-16F7-4668-BE54-9A1E7A4F7556}") = "Catalog.Infrastructure", "Services\Catalog\Catalog.Infrastructure\Catalog.Infrastructure.csproj", "{B3F22CCF-5675-4E1D-8735-14D5A6B8307A}"
EndProject
Project("{9A19103F-16F7-4668-BE54-9A1E7A4F7556}") = "Catalog.Application", "Services\Catalog\Catalog.Application\Catalog.Application.csproj", "{29B8A7BD-1C06-49CA-9C18-EBCCAD089FCA}"
EndProject
Project("{9A19103F-16F7-4668-BE54-9A1E7A4F7556}") = "Catalog.Core", "Services\Catalog\Catalog.Core\Catalog.Core.csproj", "{C4C73B16-A000-4517-A247-7E53F09A5A07}"
EndProject
Project("{9A19103F-16F7-4668-BE54-9A1E7A4F7556}") = "DDDFramework", "Services\DDDFramework\DDDFramework.csproj", "{D2CD1C17-68C7-4209-9563-48E81CD0B455}"
EndProject
Project("{FAE04EC0-301F-11D3-BF4B-00C04F79EFBC}") = "Catalog.Application.Contract", "Services\Catalog\Catalog.Application.Contract\Catalog.Application.Contract.csproj", "{E4C4D08B-A938-4CA4-8DC4-A1859C3BC58E}"
EndProject
Global
	GlobalSection(SolutionConfigurationPlatforms) = preSolution
		Debug|Any CPU = Debug|Any CPU
		Release|Any CPU = Release|Any CPU
	EndGlobalSection
	GlobalSection(ProjectConfigurationPlatforms) = postSolution
		{B7015264-38F0-487D-BF90-2A8E9CB5F8FB}.Debug|Any CPU.ActiveCfg = Debug|Any CPU
		{B7015264-38F0-487D-BF90-2A8E9CB5F8FB}.Debug|Any CPU.Build.0 = Debug|Any CPU
		{B7015264-38F0-487D-BF90-2A8E9CB5F8FB}.Release|Any CPU.ActiveCfg = Release|Any CPU
		{B7015264-38F0-487D-BF90-2A8E9CB5F8FB}.Release|Any CPU.Build.0 = Release|Any CPU
		{B3F22CCF-5675-4E1D-8735-14D5A6B8307A}.Debug|Any CPU.ActiveCfg = Debug|Any CPU
		{B3F22CCF-5675-4E1D-8735-14D5A6B8307A}.Debug|Any CPU.Build.0 = Debug|Any CPU
		{B3F22CCF-5675-4E1D-8735-14D5A6B8307A}.Release|Any CPU.ActiveCfg = Release|Any CPU
		{B3F22CCF-5675-4E1D-8735-14D5A6B8307A}.Release|Any CPU.Build.0 = Release|Any CPU
		{29B8A7BD-1C06-49CA-9C18-EBCCAD089FCA}.Debug|Any CPU.ActiveCfg = Debug|Any CPU
		{29B8A7BD-1C06-49CA-9C18-EBCCAD089FCA}.Debug|Any CPU.Build.0 = Debug|Any CPU
		{29B8A7BD-1C06-49CA-9C18-EBCCAD089FCA}.Release|Any CPU.ActiveCfg = Release|Any CPU
		{29B8A7BD-1C06-49CA-9C18-EBCCAD089FCA}.Release|Any CPU.Build.0 = Release|Any CPU
		{C4C73B16-A000-4517-A247-7E53F09A5A07}.Debug|Any CPU.ActiveCfg = Debug|Any CPU
		{C4C73B16-A000-4517-A247-7E53F09A5A07}.Debug|Any CPU.Build.0 = Debug|Any CPU
		{C4C73B16-A000-4517-A247-7E53F09A5A07}.Release|Any CPU.ActiveCfg = Release|Any CPU
		{C4C73B16-A000-4517-A247-7E53F09A5A07}.Release|Any CPU.Build.0 = Release|Any CPU
		{D2CD1C17-68C7-4209-9563-48E81CD0B455}.Debug|Any CPU.ActiveCfg = Debug|Any CPU
		{D2CD1C17-68C7-4209-9563-48E81CD0B455}.Debug|Any CPU.Build.0 = Debug|Any CPU
		{D2CD1C17-68C7-4209-9563-48E81CD0B455}.Release|Any CPU.ActiveCfg = Release|Any CPU
		{D2CD1C17-68C7-4209-9563-48E81CD0B455}.Release|Any CPU.Build.0 = Release|Any CPU
		{E4C4D08B-A938-4CA4-8DC4-A1859C3BC58E}.Debug|Any CPU.ActiveCfg = Debug|Any CPU
		{E4C4D08B-A938-4CA4-8DC4-A1859C3BC58E}.Debug|Any CPU.Build.0 = Debug|Any CPU
		{E4C4D08B-A938-4CA4-8DC4-A1859C3BC58E}.Release|Any CPU.ActiveCfg = Release|Any CPU
		{E4C4D08B-A938-4CA4-8DC4-A1859C3BC58E}.Release|Any CPU.Build.0 = Release|Any CPU
	EndGlobalSection
	GlobalSection(SolutionProperties) = preSolution
		HideSolutionNode = FALSE
	EndGlobalSection
	GlobalSection(NestedProjects) = preSolution
		{C4E5C09D-F38F-4F94-8100-BE4B40BAE03C} = {98DD7A19-1D37-4C50-9DFC-B2A4F4D550E0}
		{B7015264-38F0-487D-BF90-2A8E9CB5F8FB} = {C4E5C09D-F38F-4F94-8100-BE4B40BAE03C}
		{B3F22CCF-5675-4E1D-8735-14D5A6B8307A} = {C4E5C09D-F38F-4F94-8100-BE4B40BAE03C}
		{29B8A7BD-1C06-49CA-9C18-EBCCAD089FCA} = {C4E5C09D-F38F-4F94-8100-BE4B40BAE03C}
		{C4C73B16-A000-4517-A247-7E53F09A5A07} = {C4E5C09D-F38F-4F94-8100-BE4B40BAE03C}
		{D2CD1C17-68C7-4209-9563-48E81CD0B455} = {98DD7A19-1D37-4C50-9DFC-B2A4F4D550E0}
		{E4C4D08B-A938-4CA4-8DC4-A1859C3BC58E} = {C4E5C09D-F38F-4F94-8100-BE4B40BAE03C}
	EndGlobalSection
	GlobalSection(ExtensibilityGlobals) = postSolution
		SolutionGuid = {93176B65-A452-45E2-AB44-478FAB6F1CD7}
	EndGlobalSection
EndGlobal
